// !$*UTF8*$!
{
	archiveVersion = 1;
	classes = {
	};
	objectVersion = 56;
	objects = {

/* Begin PBXBuildFile section */
		FD416BF9297C5B6600AEE333 /* SwiftMenuView.swift in Sources */ = {isa = PBXBuildFile; fileRef = FD416BF8297C5B6600AEE333 /* SwiftMenuView.swift */; };
		FD416BFD297C5B8C00AEE333 /* SideMenuViewModel.swift in Sources */ = {isa = PBXBuildFile; fileRef = FD416BFC297C5B8C00AEE333 /* SideMenuViewModel.swift */; };
		FD918EC92978610A005A3732 /* TweetFilterViewModel.swift in Sources */ = {isa = PBXBuildFile; fileRef = FD918EC82978610A005A3732 /* TweetFilterViewModel.swift */; };
		FD918ECE297873DF005A3732 /* UserRowView.swift in Sources */ = {isa = PBXBuildFile; fileRef = FD918ECD297873DF005A3732 /* UserRowView.swift */; };
		FD918ED329787650005A3732 /* SideMenuRowView.swift in Sources */ = {isa = PBXBuildFile; fileRef = FD918ED229787650005A3732 /* SideMenuRowView.swift */; };
		FD918ED52978765A005A3732 /* SideMenuView.swift in Sources */ = {isa = PBXBuildFile; fileRef = FD918ED42978765A005A3732 /* SideMenuView.swift */; };
		FD918ED72978766E005A3732 /* SideMenuViewModel.swift in Sources */ = {isa = PBXBuildFile; fileRef = FD918ED62978766E005A3732 /* SideMenuViewModel.swift */; };
		FD918ED92978781E005A3732 /* UserStatsView.swift in Sources */ = {isa = PBXBuildFile; fileRef = FD918ED82978781E005A3732 /* UserStatsView.swift */; };
		FDD4BDEA2974C4490026E18F /* TwitterSwiftUIYoutubeApp.swift in Sources */ = {isa = PBXBuildFile; fileRef = FDD4BDE92974C4490026E18F /* TwitterSwiftUIYoutubeApp.swift */; };
		FDD4BDEC2974C4490026E18F /* ContentView.swift in Sources */ = {isa = PBXBuildFile; fileRef = FDD4BDEB2974C4490026E18F /* ContentView.swift */; };
		FDD4BDEE2974C44A0026E18F /* Assets.xcassets in Resources */ = {isa = PBXBuildFile; fileRef = FDD4BDED2974C44A0026E18F /* Assets.xcassets */; };
		FDD4BDF12974C44A0026E18F /* Preview Assets.xcassets in Resources */ = {isa = PBXBuildFile; fileRef = FDD4BDF02974C44A0026E18F /* Preview Assets.xcassets */; };
		FDD4BDFB2974C44A0026E18F /* TwitterSwiftUIYoutubeTests.swift in Sources */ = {isa = PBXBuildFile; fileRef = FDD4BDFA2974C44A0026E18F /* TwitterSwiftUIYoutubeTests.swift */; };
		FDD4BE052974C44A0026E18F /* TwitterSwiftUIYoutubeUITests.swift in Sources */ = {isa = PBXBuildFile; fileRef = FDD4BE042974C44A0026E18F /* TwitterSwiftUIYoutubeUITests.swift */; };
		FDD4BE072974C44A0026E18F /* TwitterSwiftUIYoutubeUITestsLaunchTests.swift in Sources */ = {isa = PBXBuildFile; fileRef = FDD4BE062974C44A0026E18F /* TwitterSwiftUIYoutubeUITestsLaunchTests.swift */; };
		FDD4BE1E2974C5510026E18F /* FeedView.swift in Sources */ = {isa = PBXBuildFile; fileRef = FDD4BE1D2974C5510026E18F /* FeedView.swift */; };
		FDD4BE212974C8F10026E18F /* TweetRowView.swift in Sources */ = {isa = PBXBuildFile; fileRef = FDD4BE202974C8F10026E18F /* TweetRowView.swift */; };
		FDD4BE24297591CA0026E18F /* MainTabVIew.swift in Sources */ = {isa = PBXBuildFile; fileRef = FDD4BE23297591CA0026E18F /* MainTabVIew.swift */; };
		FDD4BE2A297596830026E18F /* ExplorerView.swift in Sources */ = {isa = PBXBuildFile; fileRef = FDD4BE29297596830026E18F /* ExplorerView.swift */; };
		FDD4BE2C2975969C0026E18F /* NotificationsView.swift in Sources */ = {isa = PBXBuildFile; fileRef = FDD4BE2B2975969C0026E18F /* NotificationsView.swift */; };
		FDD4BE2E297596B60026E18F /* MessagesView.swift in Sources */ = {isa = PBXBuildFile; fileRef = FDD4BE2D297596B60026E18F /* MessagesView.swift */; };
		FDD4BEA929765BEE0026E18F /* ProfileView.swift in Sources */ = {isa = PBXBuildFile; fileRef = FDD4BEA829765BEE0026E18F /* ProfileView.swift */; };
/* End PBXBuildFile section */

/* Begin PBXContainerItemProxy section */
		FDD4BDF72974C44A0026E18F /* PBXContainerItemProxy */ = {
			isa = PBXContainerItemProxy;
			containerPortal = FDD4BDDE2974C4480026E18F /* Project object */;
			proxyType = 1;
			remoteGlobalIDString = FDD4BDE52974C4490026E18F;
			remoteInfo = TwitterSwiftUIYoutube;
		};
		FDD4BE012974C44A0026E18F /* PBXContainerItemProxy */ = {
			isa = PBXContainerItemProxy;
			containerPortal = FDD4BDDE2974C4480026E18F /* Project object */;
			proxyType = 1;
			remoteGlobalIDString = FDD4BDE52974C4490026E18F;
			remoteInfo = TwitterSwiftUIYoutube;
		};
/* End PBXContainerItemProxy section */

/* Begin PBXFileReference section */
		FD416BF8297C5B6600AEE333 /* SwiftMenuView.swift */ = {isa = PBXFileReference; lastKnownFileType = sourcecode.swift; path = SwiftMenuView.swift; sourceTree = "<group>"; };
		FD416BFC297C5B8C00AEE333 /* SideMenuViewModel.swift */ = {isa = PBXFileReference; lastKnownFileType = sourcecode.swift; path = SideMenuViewModel.swift; sourceTree = "<group>"; };
		FD918EC82978610A005A3732 /* TweetFilterViewModel.swift */ = {isa = PBXFileReference; lastKnownFileType = sourcecode.swift; path = TweetFilterViewModel.swift; sourceTree = "<group>"; };
		FD918ECD297873DF005A3732 /* UserRowView.swift */ = {isa = PBXFileReference; lastKnownFileType = sourcecode.swift; path = UserRowView.swift; sourceTree = "<group>"; };
		FD918ED229787650005A3732 /* SideMenuRowView.swift */ = {isa = PBXFileReference; lastKnownFileType = sourcecode.swift; path = SideMenuRowView.swift; sourceTree = "<group>"; };
		FD918ED42978765A005A3732 /* SideMenuView.swift */ = {isa = PBXFileReference; lastKnownFileType = sourcecode.swift; path = SideMenuView.swift; sourceTree = "<group>"; };
		FD918ED62978766E005A3732 /* SideMenuViewModel.swift */ = {isa = PBXFileReference; lastKnownFileType = sourcecode.swift; path = SideMenuViewModel.swift; sourceTree = "<group>"; };
		FD918ED82978781E005A3732 /* UserStatsView.swift */ = {isa = PBXFileReference; lastKnownFileType = sourcecode.swift; path = UserStatsView.swift; sourceTree = "<group>"; };
		FDD4BDE62974C4490026E18F /* TwitterSwiftUIYoutube.app */ = {isa = PBXFileReference; explicitFileType = wrapper.application; includeInIndex = 0; path = TwitterSwiftUIYoutube.app; sourceTree = BUILT_PRODUCTS_DIR; };
		FDD4BDE92974C4490026E18F /* TwitterSwiftUIYoutubeApp.swift */ = {isa = PBXFileReference; lastKnownFileType = sourcecode.swift; path = TwitterSwiftUIYoutubeApp.swift; sourceTree = "<group>"; };
		FDD4BDEB2974C4490026E18F /* ContentView.swift */ = {isa = PBXFileReference; lastKnownFileType = sourcecode.swift; path = ContentView.swift; sourceTree = "<group>"; };
		FDD4BDED2974C44A0026E18F /* Assets.xcassets */ = {isa = PBXFileReference; lastKnownFileType = folder.assetcatalog; path = Assets.xcassets; sourceTree = "<group>"; };
		FDD4BDF02974C44A0026E18F /* Preview Assets.xcassets */ = {isa = PBXFileReference; lastKnownFileType = folder.assetcatalog; path = "Preview Assets.xcassets"; sourceTree = "<group>"; };
		FDD4BDF62974C44A0026E18F /* TwitterSwiftUIYoutubeTests.xctest */ = {isa = PBXFileReference; explicitFileType = wrapper.cfbundle; includeInIndex = 0; path = TwitterSwiftUIYoutubeTests.xctest; sourceTree = BUILT_PRODUCTS_DIR; };
		FDD4BDFA2974C44A0026E18F /* TwitterSwiftUIYoutubeTests.swift */ = {isa = PBXFileReference; lastKnownFileType = sourcecode.swift; path = TwitterSwiftUIYoutubeTests.swift; sourceTree = "<group>"; };
		FDD4BE002974C44A0026E18F /* TwitterSwiftUIYoutubeUITests.xctest */ = {isa = PBXFileReference; explicitFileType = wrapper.cfbundle; includeInIndex = 0; path = TwitterSwiftUIYoutubeUITests.xctest; sourceTree = BUILT_PRODUCTS_DIR; };
		FDD4BE042974C44A0026E18F /* TwitterSwiftUIYoutubeUITests.swift */ = {isa = PBXFileReference; lastKnownFileType = sourcecode.swift; path = TwitterSwiftUIYoutubeUITests.swift; sourceTree = "<group>"; };
		FDD4BE062974C44A0026E18F /* TwitterSwiftUIYoutubeUITestsLaunchTests.swift */ = {isa = PBXFileReference; lastKnownFileType = sourcecode.swift; path = TwitterSwiftUIYoutubeUITestsLaunchTests.swift; sourceTree = "<group>"; };
		FDD4BE1D2974C5510026E18F /* FeedView.swift */ = {isa = PBXFileReference; lastKnownFileType = sourcecode.swift; path = FeedView.swift; sourceTree = "<group>"; };
		FDD4BE202974C8F10026E18F /* TweetRowView.swift */ = {isa = PBXFileReference; lastKnownFileType = sourcecode.swift; path = TweetRowView.swift; sourceTree = "<group>"; };
		FDD4BE23297591CA0026E18F /* MainTabVIew.swift */ = {isa = PBXFileReference; lastKnownFileType = sourcecode.swift; path = MainTabVIew.swift; sourceTree = "<group>"; };
		FDD4BE29297596830026E18F /* ExplorerView.swift */ = {isa = PBXFileReference; lastKnownFileType = sourcecode.swift; path = ExplorerView.swift; sourceTree = "<group>"; };
		FDD4BE2B2975969C0026E18F /* NotificationsView.swift */ = {isa = PBXFileReference; lastKnownFileType = sourcecode.swift; path = NotificationsView.swift; sourceTree = "<group>"; };
		FDD4BE2D297596B60026E18F /* MessagesView.swift */ = {isa = PBXFileReference; lastKnownFileType = sourcecode.swift; path = MessagesView.swift; sourceTree = "<group>"; };
		FDD4BEA829765BEE0026E18F /* ProfileView.swift */ = {isa = PBXFileReference; lastKnownFileType = sourcecode.swift; path = ProfileView.swift; sourceTree = "<group>"; };
/* End PBXFileReference section */

/* Begin PBXFrameworksBuildPhase section */
		FDD4BDE32974C4490026E18F /* Frameworks */ = {
			isa = PBXFrameworksBuildPhase;
			buildActionMask = 2147483647;
			files = (
			);
			runOnlyForDeploymentPostprocessing = 0;
		};
		FDD4BDF32974C44A0026E18F /* Frameworks */ = {
			isa = PBXFrameworksBuildPhase;
			buildActionMask = 2147483647;
			files = (
			);
			runOnlyForDeploymentPostprocessing = 0;
		};
		FDD4BDFD2974C44A0026E18F /* Frameworks */ = {
			isa = PBXFrameworksBuildPhase;
			buildActionMask = 2147483647;
			files = (
			);
			runOnlyForDeploymentPostprocessing = 0;
		};
/* End PBXFrameworksBuildPhase section */

/* Begin PBXGroup section */
		FD416BF5297C5AF200AEE333 /* SideMenu */ = {
			isa = PBXGroup;
			children = (
				FD416BF7297C5B5000AEE333 /* View */,
				FD416BF6297C5B3E00AEE333 /* ViewModel */,
			);
			path = SideMenu;
			sourceTree = "<group>";
		};
		FD416BF6297C5B3E00AEE333 /* ViewModel */ = {
			isa = PBXGroup;
			children = (
				FD416BFC297C5B8C00AEE333 /* SideMenuViewModel.swift */,
			);
			path = ViewModel;
			sourceTree = "<group>";
		};
		FD416BF7297C5B5000AEE333 /* View */ = {
			isa = PBXGroup;
			children = (
				FD416BF8297C5B6600AEE333 /* SwiftMenuView.swift */,
			);
			path = View;
			sourceTree = "<group>";
		};
		FD918ECA29787388005A3732 /* Views */ = {
			isa = PBXGroup;
			children = (
				FDD4BE29297596830026E18F /* ExplorerView.swift */,
			);
			path = Views;
			sourceTree = "<group>";
		};
		FD918ECB2978738D005A3732 /* ViewModel */ = {
			isa = PBXGroup;
			children = (
			);
			path = ViewModel;
			sourceTree = "<group>";
		};
		FD918ECC297873C8005A3732 /* Users */ = {
			isa = PBXGroup;
			children = (
				FD918ECD297873DF005A3732 /* UserRowView.swift */,
				FD918ED82978781E005A3732 /* UserStatsView.swift */,
			);
			path = Users;
			sourceTree = "<group>";
		};
		FD918ECF29787617005A3732 /* SideMenu */ = {
			isa = PBXGroup;
			children = (
				FD918ED129787631005A3732 /* ViewModel */,
				FD918ED029787629005A3732 /* View */,
			);
			path = SideMenu;
			sourceTree = "<group>";
		};
		FD918ED029787629005A3732 /* View */ = {
			isa = PBXGroup;
			children = (
				FD918ED229787650005A3732 /* SideMenuRowView.swift */,
				FD918ED42978765A005A3732 /* SideMenuView.swift */,
			);
			path = View;
			sourceTree = "<group>";
		};
		FD918ED129787631005A3732 /* ViewModel */ = {
			isa = PBXGroup;
			children = (
				FD918ED62978766E005A3732 /* SideMenuViewModel.swift */,
			);
			path = ViewModel;
			sourceTree = "<group>";
		};
		FDD4BDDD2974C4480026E18F = {
			isa = PBXGroup;
			children = (
				FDD4BDE82974C4490026E18F /* TwitterSwiftUIYoutube */,
				FDD4BDF92974C44A0026E18F /* TwitterSwiftUIYoutubeTests */,
				FDD4BE032974C44A0026E18F /* TwitterSwiftUIYoutubeUITests */,
				FDD4BDE72974C4490026E18F /* Products */,
			);
			sourceTree = "<group>";
		};
		FDD4BDE72974C4490026E18F /* Products */ = {
			isa = PBXGroup;
			children = (
				FDD4BDE62974C4490026E18F /* TwitterSwiftUIYoutube.app */,
				FDD4BDF62974C44A0026E18F /* TwitterSwiftUIYoutubeTests.xctest */,
				FDD4BE002974C44A0026E18F /* TwitterSwiftUIYoutubeUITests.xctest */,
			);
			name = Products;
			sourceTree = "<group>";
		};
		FDD4BDE82974C4490026E18F /* TwitterSwiftUIYoutube */ = {
			isa = PBXGroup;
			children = (
				FDD4BE162974C4AE0026E18F /* Extensions */,
				FDD4BE152974C4AC0026E18F /* Model */,
				FDD4BE182974C4F40026E18F /* Core */,
				FDD4BDE92974C4490026E18F /* TwitterSwiftUIYoutubeApp.swift */,
				FDD4BDEB2974C4490026E18F /* ContentView.swift */,
				FDD4BDED2974C44A0026E18F /* Assets.xcassets */,
				FDD4BDEF2974C44A0026E18F /* Preview Content */,
			);
			path = TwitterSwiftUIYoutube;
			sourceTree = "<group>";
		};
		FDD4BDEF2974C44A0026E18F /* Preview Content */ = {
			isa = PBXGroup;
			children = (
				FDD4BDF02974C44A0026E18F /* Preview Assets.xcassets */,
			);
			path = "Preview Content";
			sourceTree = "<group>";
		};
		FDD4BDF92974C44A0026E18F /* TwitterSwiftUIYoutubeTests */ = {
			isa = PBXGroup;
			children = (
				FDD4BDFA2974C44A0026E18F /* TwitterSwiftUIYoutubeTests.swift */,
			);
			path = TwitterSwiftUIYoutubeTests;
			sourceTree = "<group>";
		};
		FDD4BE032974C44A0026E18F /* TwitterSwiftUIYoutubeUITests */ = {
			isa = PBXGroup;
			children = (
				FDD4BE042974C44A0026E18F /* TwitterSwiftUIYoutubeUITests.swift */,
				FDD4BE062974C44A0026E18F /* TwitterSwiftUIYoutubeUITestsLaunchTests.swift */,
			);
			path = TwitterSwiftUIYoutubeUITests;
			sourceTree = "<group>";
		};
		FDD4BE142974C4A90026E18F /* Service */ = {
			isa = PBXGroup;
			children = (
			);
			path = Service;
			sourceTree = "<group>";
		};
		FDD4BE152974C4AC0026E18F /* Model */ = {
			isa = PBXGroup;
			children = (
				FDD4BE142974C4A90026E18F /* Service */,
			);
			path = Model;
			sourceTree = "<group>";
		};
		FDD4BE162974C4AE0026E18F /* Extensions */ = {
			isa = PBXGroup;
			children = (
			);
			path = Extensions;
			sourceTree = "<group>";
		};
		FDD4BE182974C4F40026E18F /* Core */ = {
			isa = PBXGroup;
			children = (
				FD918ECF29787617005A3732 /* SideMenu */,
				FDD4BE1A2974C50B0026E18F /* Components */,
				FDD4BE262975946E0026E18F /* Profile */,
				FDD4BE252975946A0026E18F /* Explore */,
				FDD4BE27297594730026E18F /* Notifications */,
				FDD4BE282975961F0026E18F /* Messages */,
				FDD4BE22297591790026E18F /* MainTab */,
				FDD4BE192974C4F70026E18F /* Feed */,
			);
			path = Core;
			sourceTree = "<group>";
		};
		FDD4BE192974C4F70026E18F /* Feed */ = {
			isa = PBXGroup;
			children = (
				FDD4BE1B2974C51E0026E18F /* ViewModels */,
				FDD4BE1C2974C5280026E18F /* View */,
			);
			path = Feed;
			sourceTree = "<group>";
		};
		FDD4BE1A2974C50B0026E18F /* Components */ = {
			isa = PBXGroup;
			children = (
				FD416BF5297C5AF200AEE333 /* SideMenu */,
				FD918ECC297873C8005A3732 /* Users */,
				FDD4BE1F2974C8B20026E18F /* Tweets */,
			);
			path = Components;
			sourceTree = "<group>";
		};
		FDD4BE1B2974C51E0026E18F /* ViewModels */ = {
			isa = PBXGroup;
			children = (
			);
			path = ViewModels;
			sourceTree = "<group>";
		};
		FDD4BE1C2974C5280026E18F /* View */ = {
			isa = PBXGroup;
			children = (
				FDD4BE1D2974C5510026E18F /* FeedView.swift */,
			);
			path = View;
			sourceTree = "<group>";
		};
		FDD4BE1F2974C8B20026E18F /* Tweets */ = {
			isa = PBXGroup;
			children = (
				FDD4BE202974C8F10026E18F /* TweetRowView.swift */,
			);
			path = Tweets;
			sourceTree = "<group>";
		};
		FDD4BE22297591790026E18F /* MainTab */ = {
			isa = PBXGroup;
			children = (
				FDD4BE23297591CA0026E18F /* MainTabVIew.swift */,
			);
			path = MainTab;
			sourceTree = "<group>";
		};
		FDD4BE252975946A0026E18F /* Explore */ = {
			isa = PBXGroup;
			children = (
				FD918ECB2978738D005A3732 /* ViewModel */,
				FD918ECA29787388005A3732 /* Views */,
			);
			path = Explore;
			sourceTree = "<group>";
		};
		FDD4BE262975946E0026E18F /* Profile */ = {
			isa = PBXGroup;
			children = (
				FDD4BEA629765B510026E18F /* ViewModels */,
				FDD4BEA729765B5D0026E18F /* Views */,
			);
			path = Profile;
			sourceTree = "<group>";
		};
		FDD4BE27297594730026E18F /* Notifications */ = {
			isa = PBXGroup;
			children = (
				FDD4BE2B2975969C0026E18F /* NotificationsView.swift */,
			);
			path = Notifications;
			sourceTree = "<group>";
		};
		FDD4BE282975961F0026E18F /* Messages */ = {
			isa = PBXGroup;
			children = (
				FDD4BE2D297596B60026E18F /* MessagesView.swift */,
			);
			path = Messages;
			sourceTree = "<group>";
		};
		FDD4BEA629765B510026E18F /* ViewModels */ = {
			isa = PBXGroup;
			children = (
				FD918EC82978610A005A3732 /* TweetFilterViewModel.swift */,
			);
			path = ViewModels;
			sourceTree = "<group>";
		};
		FDD4BEA729765B5D0026E18F /* Views */ = {
			isa = PBXGroup;
			children = (
				FDD4BEA829765BEE0026E18F /* ProfileView.swift */,
			);
			path = Views;
			sourceTree = "<group>";
		};
/* End PBXGroup section */

/* Begin PBXNativeTarget section */
		FDD4BDE52974C4490026E18F /* TwitterSwiftUIYoutube */ = {
			isa = PBXNativeTarget;
			buildConfigurationList = FDD4BE0A2974C44A0026E18F /* Build configuration list for PBXNativeTarget "TwitterSwiftUIYoutube" */;
			buildPhases = (
				FDD4BDE22974C4490026E18F /* Sources */,
				FDD4BDE32974C4490026E18F /* Frameworks */,
				FDD4BDE42974C4490026E18F /* Resources */,
			);
			buildRules = (
			);
			dependencies = (
			);
			name = TwitterSwiftUIYoutube;
			productName = TwitterSwiftUIYoutube;
			productReference = FDD4BDE62974C4490026E18F /* TwitterSwiftUIYoutube.app */;
			productType = "com.apple.product-type.application";
		};
		FDD4BDF52974C44A0026E18F /* TwitterSwiftUIYoutubeTests */ = {
			isa = PBXNativeTarget;
			buildConfigurationList = FDD4BE0D2974C44A0026E18F /* Build configuration list for PBXNativeTarget "TwitterSwiftUIYoutubeTests" */;
			buildPhases = (
				FDD4BDF22974C44A0026E18F /* Sources */,
				FDD4BDF32974C44A0026E18F /* Frameworks */,
				FDD4BDF42974C44A0026E18F /* Resources */,
			);
			buildRules = (
			);
			dependencies = (
				FDD4BDF82974C44A0026E18F /* PBXTargetDependency */,
			);
			name = TwitterSwiftUIYoutubeTests;
			productName = TwitterSwiftUIYoutubeTests;
			productReference = FDD4BDF62974C44A0026E18F /* TwitterSwiftUIYoutubeTests.xctest */;
			productType = "com.apple.product-type.bundle.unit-test";
		};
		FDD4BDFF2974C44A0026E18F /* TwitterSwiftUIYoutubeUITests */ = {
			isa = PBXNativeTarget;
			buildConfigurationList = FDD4BE102974C44A0026E18F /* Build configuration list for PBXNativeTarget "TwitterSwiftUIYoutubeUITests" */;
			buildPhases = (
				FDD4BDFC2974C44A0026E18F /* Sources */,
				FDD4BDFD2974C44A0026E18F /* Frameworks */,
				FDD4BDFE2974C44A0026E18F /* Resources */,
			);
			buildRules = (
			);
			dependencies = (
				FDD4BE022974C44A0026E18F /* PBXTargetDependency */,
			);
			name = TwitterSwiftUIYoutubeUITests;
			productName = TwitterSwiftUIYoutubeUITests;
			productReference = FDD4BE002974C44A0026E18F /* TwitterSwiftUIYoutubeUITests.xctest */;
			productType = "com.apple.product-type.bundle.ui-testing";
		};
/* End PBXNativeTarget section */

/* Begin PBXProject section */
		FDD4BDDE2974C4480026E18F /* Project object */ = {
			isa = PBXProject;
			attributes = {
				BuildIndependentTargetsInParallel = 1;
				LastSwiftUpdateCheck = 1420;
				LastUpgradeCheck = 1420;
				TargetAttributes = {
					FDD4BDE52974C4490026E18F = {
						CreatedOnToolsVersion = 14.2;
					};
					FDD4BDF52974C44A0026E18F = {
						CreatedOnToolsVersion = 14.2;
						TestTargetID = FDD4BDE52974C4490026E18F;
					};
					FDD4BDFF2974C44A0026E18F = {
						CreatedOnToolsVersion = 14.2;
						TestTargetID = FDD4BDE52974C4490026E18F;
					};
				};
			};
			buildConfigurationList = FDD4BDE12974C4480026E18F /* Build configuration list for PBXProject "TwitterSwiftUIYoutube" */;
			compatibilityVersion = "Xcode 14.0";
			developmentRegion = en;
			hasScannedForEncodings = 0;
			knownRegions = (
				en,
				Base,
			);
			mainGroup = FDD4BDDD2974C4480026E18F;
			productRefGroup = FDD4BDE72974C4490026E18F /* Products */;
			projectDirPath = "";
			projectRoot = "";
			targets = (
				FDD4BDE52974C4490026E18F /* TwitterSwiftUIYoutube */,
				FDD4BDF52974C44A0026E18F /* TwitterSwiftUIYoutubeTests */,
				FDD4BDFF2974C44A0026E18F /* TwitterSwiftUIYoutubeUITests */,
			);
		};
/* End PBXProject section */

/* Begin PBXResourcesBuildPhase section */
		FDD4BDE42974C4490026E18F /* Resources */ = {
			isa = PBXResourcesBuildPhase;
			buildActionMask = 2147483647;
			files = (
				FDD4BDF12974C44A0026E18F /* Preview Assets.xcassets in Resources */,
				FDD4BDEE2974C44A0026E18F /* Assets.xcassets in Resources */,
			);
			runOnlyForDeploymentPostprocessing = 0;
		};
		FDD4BDF42974C44A0026E18F /* Resources */ = {
			isa = PBXResourcesBuildPhase;
			buildActionMask = 2147483647;
			files = (
			);
			runOnlyForDeploymentPostprocessing = 0;
		};
		FDD4BDFE2974C44A0026E18F /* Resources */ = {
			isa = PBXResourcesBuildPhase;
			buildActionMask = 2147483647;
			files = (
			);
			runOnlyForDeploymentPostprocessing = 0;
		};
/* End PBXResourcesBuildPhase section */

/* Begin PBXSourcesBuildPhase section */
		FDD4BDE22974C4490026E18F /* Sources */ = {
			isa = PBXSourcesBuildPhase;
			buildActionMask = 2147483647;
			files = (
				FDD4BE2E297596B60026E18F /* MessagesView.swift in Sources */,
				FDD4BEA929765BEE0026E18F /* ProfileView.swift in Sources */,
				FDD4BDEC2974C4490026E18F /* ContentView.swift in Sources */,
				FD918ED52978765A005A3732 /* SideMenuView.swift in Sources */,
				FD416BFD297C5B8C00AEE333 /* SideMenuViewModel.swift in Sources */,
				FDD4BE24297591CA0026E18F /* MainTabVIew.swift in Sources */,
				FD918EC92978610A005A3732 /* TweetFilterViewModel.swift in Sources */,
				FD918ED329787650005A3732 /* SideMenuRowView.swift in Sources */,
				FDD4BE212974C8F10026E18F /* TweetRowView.swift in Sources */,
				FDD4BE1E2974C5510026E18F /* FeedView.swift in Sources */,
				FDD4BDEA2974C4490026E18F /* TwitterSwiftUIYoutubeApp.swift in Sources */,
				FD918ED72978766E005A3732 /* SideMenuViewModel.swift in Sources */,
				FD416BF9297C5B6600AEE333 /* SwiftMenuView.swift in Sources */,
				FD918ECE297873DF005A3732 /* UserRowView.swift in Sources */,
				FDD4BE2A297596830026E18F /* ExplorerView.swift in Sources */,
				FDD4BE2C2975969C0026E18F /* NotificationsView.swift in Sources */,
				FD918ED92978781E005A3732 /* UserStatsView.swift in Sources */,
			);
			runOnlyForDeploymentPostprocessing = 0;
		};
		FDD4BDF22974C44A0026E18F /* Sources */ = {
			isa = PBXSourcesBuildPhase;
			buildActionMask = 2147483647;
			files = (
				FDD4BDFB2974C44A0026E18F /* TwitterSwiftUIYoutubeTests.swift in Sources */,
			);
			runOnlyForDeploymentPostprocessing = 0;
		};
		FDD4BDFC2974C44A0026E18F /* Sources */ = {
			isa = PBXSourcesBuildPhase;
			buildActionMask = 2147483647;
			files = (
				FDD4BE072974C44A0026E18F /* TwitterSwiftUIYoutubeUITestsLaunchTests.swift in Sources */,
				FDD4BE052974C44A0026E18F /* TwitterSwiftUIYoutubeUITests.swift in Sources */,
			);
			runOnlyForDeploymentPostprocessing = 0;
		};
/* End PBXSourcesBuildPhase section */

/* Begin PBXTargetDependency section */
		FDD4BDF82974C44A0026E18F /* PBXTargetDependency */ = {
			isa = PBXTargetDependency;
			target = FDD4BDE52974C4490026E18F /* TwitterSwiftUIYoutube */;
			targetProxy = FDD4BDF72974C44A0026E18F /* PBXContainerItemProxy */;
		};
		FDD4BE022974C44A0026E18F /* PBXTargetDependency */ = {
			isa = PBXTargetDependency;
			target = FDD4BDE52974C4490026E18F /* TwitterSwiftUIYoutube */;
			targetProxy = FDD4BE012974C44A0026E18F /* PBXContainerItemProxy */;
		};
/* End PBXTargetDependency section */

/* Begin XCBuildConfiguration section */
		FDD4BE082974C44A0026E18F /* Debug */ = {
			isa = XCBuildConfiguration;
			buildSettings = {
				ALWAYS_SEARCH_USER_PATHS = NO;
				CLANG_ANALYZER_NONNULL = YES;
				CLANG_ANALYZER_NUMBER_OBJECT_CONVERSION = YES_AGGRESSIVE;
				CLANG_CXX_LANGUAGE_STANDARD = "gnu++20";
				CLANG_ENABLE_MODULES = YES;
				CLANG_ENABLE_OBJC_ARC = YES;
				CLANG_ENABLE_OBJC_WEAK = YES;
				CLANG_WARN_BLOCK_CAPTURE_AUTORELEASING = YES;
				CLANG_WARN_BOOL_CONVERSION = YES;
				CLANG_WARN_COMMA = YES;
				CLANG_WARN_CONSTANT_CONVERSION = YES;
				CLANG_WARN_DEPRECATED_OBJC_IMPLEMENTATIONS = YES;
				CLANG_WARN_DIRECT_OBJC_ISA_USAGE = YES_ERROR;
				CLANG_WARN_DOCUMENTATION_COMMENTS = YES;
				CLANG_WARN_EMPTY_BODY = YES;
				CLANG_WARN_ENUM_CONVERSION = YES;
				CLANG_WARN_INFINITE_RECURSION = YES;
				CLANG_WARN_INT_CONVERSION = YES;
				CLANG_WARN_NON_LITERAL_NULL_CONVERSION = YES;
				CLANG_WARN_OBJC_IMPLICIT_RETAIN_SELF = YES;
				CLANG_WARN_OBJC_LITERAL_CONVERSION = YES;
				CLANG_WARN_OBJC_ROOT_CLASS = YES_ERROR;
				CLANG_WARN_QUOTED_INCLUDE_IN_FRAMEWORK_HEADER = YES;
				CLANG_WARN_RANGE_LOOP_ANALYSIS = YES;
				CLANG_WARN_STRICT_PROTOTYPES = YES;
				CLANG_WARN_SUSPICIOUS_MOVE = YES;
				CLANG_WARN_UNGUARDED_AVAILABILITY = YES_AGGRESSIVE;
				CLANG_WARN_UNREACHABLE_CODE = YES;
				CLANG_WARN__DUPLICATE_METHOD_MATCH = YES;
				COPY_PHASE_STRIP = NO;
				DEBUG_INFORMATION_FORMAT = dwarf;
				ENABLE_STRICT_OBJC_MSGSEND = YES;
				ENABLE_TESTABILITY = YES;
				GCC_C_LANGUAGE_STANDARD = gnu11;
				GCC_DYNAMIC_NO_PIC = NO;
				GCC_NO_COMMON_BLOCKS = YES;
				GCC_OPTIMIZATION_LEVEL = 0;
				GCC_PREPROCESSOR_DEFINITIONS = (
					"DEBUG=1",
					"$(inherited)",
				);
				GCC_WARN_64_TO_32_BIT_CONVERSION = YES;
				GCC_WARN_ABOUT_RETURN_TYPE = YES_ERROR;
				GCC_WARN_UNDECLARED_SELECTOR = YES;
				GCC_WARN_UNINITIALIZED_AUTOS = YES_AGGRESSIVE;
				GCC_WARN_UNUSED_FUNCTION = YES;
				GCC_WARN_UNUSED_VARIABLE = YES;
				IPHONEOS_DEPLOYMENT_TARGET = 16.2;
				MTL_ENABLE_DEBUG_INFO = INCLUDE_SOURCE;
				MTL_FAST_MATH = YES;
				ONLY_ACTIVE_ARCH = YES;
				SDKROOT = iphoneos;
				SWIFT_ACTIVE_COMPILATION_CONDITIONS = DEBUG;
				SWIFT_OPTIMIZATION_LEVEL = "-Onone";
			};
			name = Debug;
		};
		FDD4BE092974C44A0026E18F /* Release */ = {
			isa = XCBuildConfiguration;
			buildSettings = {
				ALWAYS_SEARCH_USER_PATHS = NO;
				CLANG_ANALYZER_NONNULL = YES;
				CLANG_ANALYZER_NUMBER_OBJECT_CONVERSION = YES_AGGRESSIVE;
				CLANG_CXX_LANGUAGE_STANDARD = "gnu++20";
				CLANG_ENABLE_MODULES = YES;
				CLANG_ENABLE_OBJC_ARC = YES;
				CLANG_ENABLE_OBJC_WEAK = YES;
				CLANG_WARN_BLOCK_CAPTURE_AUTORELEASING = YES;
				CLANG_WARN_BOOL_CONVERSION = YES;
				CLANG_WARN_COMMA = YES;
				CLANG_WARN_CONSTANT_CONVERSION = YES;
				CLANG_WARN_DEPRECATED_OBJC_IMPLEMENTATIONS = YES;
				CLANG_WARN_DIRECT_OBJC_ISA_USAGE = YES_ERROR;
				CLANG_WARN_DOCUMENTATION_COMMENTS = YES;
				CLANG_WARN_EMPTY_BODY = YES;
				CLANG_WARN_ENUM_CONVERSION = YES;
				CLANG_WARN_INFINITE_RECURSION = YES;
				CLANG_WARN_INT_CONVERSION = YES;
				CLANG_WARN_NON_LITERAL_NULL_CONVERSION = YES;
				CLANG_WARN_OBJC_IMPLICIT_RETAIN_SELF = YES;
				CLANG_WARN_OBJC_LITERAL_CONVERSION = YES;
				CLANG_WARN_OBJC_ROOT_CLASS = YES_ERROR;
				CLANG_WARN_QUOTED_INCLUDE_IN_FRAMEWORK_HEADER = YES;
				CLANG_WARN_RANGE_LOOP_ANALYSIS = YES;
				CLANG_WARN_STRICT_PROTOTYPES = YES;
				CLANG_WARN_SUSPICIOUS_MOVE = YES;
				CLANG_WARN_UNGUARDED_AVAILABILITY = YES_AGGRESSIVE;
				CLANG_WARN_UNREACHABLE_CODE = YES;
				CLANG_WARN__DUPLICATE_METHOD_MATCH = YES;
				COPY_PHASE_STRIP = NO;
				DEBUG_INFORMATION_FORMAT = "dwarf-with-dsym";
				ENABLE_NS_ASSERTIONS = NO;
				ENABLE_STRICT_OBJC_MSGSEND = YES;
				GCC_C_LANGUAGE_STANDARD = gnu11;
				GCC_NO_COMMON_BLOCKS = YES;
				GCC_WARN_64_TO_32_BIT_CONVERSION = YES;
				GCC_WARN_ABOUT_RETURN_TYPE = YES_ERROR;
				GCC_WARN_UNDECLARED_SELECTOR = YES;
				GCC_WARN_UNINITIALIZED_AUTOS = YES_AGGRESSIVE;
				GCC_WARN_UNUSED_FUNCTION = YES;
				GCC_WARN_UNUSED_VARIABLE = YES;
				IPHONEOS_DEPLOYMENT_TARGET = 16.2;
				MTL_ENABLE_DEBUG_INFO = NO;
				MTL_FAST_MATH = YES;
				SDKROOT = iphoneos;
				SWIFT_COMPILATION_MODE = wholemodule;
				SWIFT_OPTIMIZATION_LEVEL = "-O";
				VALIDATE_PRODUCT = YES;
			};
			name = Release;
		};
		FDD4BE0B2974C44A0026E18F /* Debug */ = {
			isa = XCBuildConfiguration;
			buildSettings = {
				ASSETCATALOG_COMPILER_APPICON_NAME = AppIcon;
				ASSETCATALOG_COMPILER_GLOBAL_ACCENT_COLOR_NAME = AccentColor;
				CODE_SIGN_STYLE = Automatic;
				CURRENT_PROJECT_VERSION = 1;
				DEVELOPMENT_ASSET_PATHS = "\"TwitterSwiftUIYoutube/Preview Content\"";
				DEVELOPMENT_TEAM = 3QF9F89UA9;
				ENABLE_PREVIEWS = YES;
				GENERATE_INFOPLIST_FILE = YES;
				INFOPLIST_KEY_UIApplicationSceneManifest_Generation = YES;
				INFOPLIST_KEY_UIApplicationSupportsIndirectInputEvents = YES;
				INFOPLIST_KEY_UILaunchScreen_Generation = YES;
				INFOPLIST_KEY_UISupportedInterfaceOrientations_iPad = "UIInterfaceOrientationPortrait UIInterfaceOrientationPortraitUpsideDown UIInterfaceOrientationLandscapeLeft UIInterfaceOrientationLandscapeRight";
				INFOPLIST_KEY_UISupportedInterfaceOrientations_iPhone = "UIInterfaceOrientationPortrait UIInterfaceOrientationLandscapeLeft UIInterfaceOrientationLandscapeRight";
				LD_RUNPATH_SEARCH_PATHS = (
					"$(inherited)",
					"@executable_path/Frameworks",
				);
				MARKETING_VERSION = 1.0;
				PRODUCT_BUNDLE_IDENTIFIER = com.fred.TwitterSwiftUIYoutube;
				PRODUCT_NAME = "$(TARGET_NAME)";
				SWIFT_EMIT_LOC_STRINGS = YES;
				SWIFT_VERSION = 5.0;
				TARGETED_DEVICE_FAMILY = "1,2";
			};
			name = Debug;
		};
		FDD4BE0C2974C44A0026E18F /* Release */ = {
			isa = XCBuildConfiguration;
			buildSettings = {
				ASSETCATALOG_COMPILER_APPICON_NAME = AppIcon;
				ASSETCATALOG_COMPILER_GLOBAL_ACCENT_COLOR_NAME = AccentColor;
				CODE_SIGN_STYLE = Automatic;
				CURRENT_PROJECT_VERSION = 1;
				DEVELOPMENT_ASSET_PATHS = "\"TwitterSwiftUIYoutube/Preview Content\"";
				DEVELOPMENT_TEAM = 3QF9F89UA9;
				ENABLE_PREVIEWS = YES;
				GENERATE_INFOPLIST_FILE = YES;
				INFOPLIST_KEY_UIApplicationSceneManifest_Generation = YES;
				INFOPLIST_KEY_UIApplicationSupportsIndirectInputEvents = YES;
				INFOPLIST_KEY_UILaunchScreen_Generation = YES;
				INFOPLIST_KEY_UISupportedInterfaceOrientations_iPad = "UIInterfaceOrientationPortrait UIInterfaceOrientationPortraitUpsideDown UIInterfaceOrientationLandscapeLeft UIInterfaceOrientationLandscapeRight";
				INFOPLIST_KEY_UISupportedInterfaceOrientations_iPhone = "UIInterfaceOrientationPortrait UIInterfaceOrientationLandscapeLeft UIInterfaceOrientationLandscapeRight";
				LD_RUNPATH_SEARCH_PATHS = (
					"$(inherited)",
					"@executable_path/Frameworks",
				);
				MARKETING_VERSION = 1.0;
				PRODUCT_BUNDLE_IDENTIFIER = com.fred.TwitterSwiftUIYoutube;
				PRODUCT_NAME = "$(TARGET_NAME)";
				SWIFT_EMIT_LOC_STRINGS = YES;
				SWIFT_VERSION = 5.0;
				TARGETED_DEVICE_FAMILY = "1,2";
			};
			name = Release;
		};
		FDD4BE0E2974C44A0026E18F /* Debug */ = {
			isa = XCBuildConfiguration;
			buildSettings = {
				ALWAYS_EMBED_SWIFT_STANDARD_LIBRARIES = YES;
				BUNDLE_LOADER = "$(TEST_HOST)";
				CODE_SIGN_STYLE = Automatic;
				CURRENT_PROJECT_VERSION = 1;
				DEVELOPMENT_TEAM = 3QF9F89UA9;
				GENERATE_INFOPLIST_FILE = YES;
				IPHONEOS_DEPLOYMENT_TARGET = 16.2;
				MARKETING_VERSION = 1.0;
				PRODUCT_BUNDLE_IDENTIFIER = com.fred.TwitterSwiftUIYoutubeTests;
				PRODUCT_NAME = "$(TARGET_NAME)";
				SWIFT_EMIT_LOC_STRINGS = NO;
				SWIFT_VERSION = 5.0;
				TARGETED_DEVICE_FAMILY = "1,2";
				TEST_HOST = "$(BUILT_PRODUCTS_DIR)/TwitterSwiftUIYoutube.app/$(BUNDLE_EXECUTABLE_FOLDER_PATH)/TwitterSwiftUIYoutube";
			};
			name = Debug;
		};
		FDD4BE0F2974C44A0026E18F /* Release */ = {
			isa = XCBuildConfiguration;
			buildSettings = {
				ALWAYS_EMBED_SWIFT_STANDARD_LIBRARIES = YES;
				BUNDLE_LOADER = "$(TEST_HOST)";
				CODE_SIGN_STYLE = Automatic;
				CURRENT_PROJECT_VERSION = 1;
				DEVELOPMENT_TEAM = 3QF9F89UA9;
				GENERATE_INFOPLIST_FILE = YES;
				IPHONEOS_DEPLOYMENT_TARGET = 16.2;
				MARKETING_VERSION = 1.0;
				PRODUCT_BUNDLE_IDENTIFIER = com.fred.TwitterSwiftUIYoutubeTests;
				PRODUCT_NAME = "$(TARGET_NAME)";
				SWIFT_EMIT_LOC_STRINGS = NO;
				SWIFT_VERSION = 5.0;
				TARGETED_DEVICE_FAMILY = "1,2";
				TEST_HOST = "$(BUILT_PRODUCTS_DIR)/TwitterSwiftUIYoutube.app/$(BUNDLE_EXECUTABLE_FOLDER_PATH)/TwitterSwiftUIYoutube";
			};
			name = Release;
		};
		FDD4BE112974C44A0026E18F /* Debug */ = {
			isa = XCBuildConfiguration;
			buildSettings = {
				ALWAYS_EMBED_SWIFT_STANDARD_LIBRARIES = YES;
				CODE_SIGN_STYLE = Automatic;
				CURRENT_PROJECT_VERSION = 1;
				DEVELOPMENT_TEAM = 3QF9F89UA9;
				GENERATE_INFOPLIST_FILE = YES;
				MARKETING_VERSION = 1.0;
				PRODUCT_BUNDLE_IDENTIFIER = com.fred.TwitterSwiftUIYoutubeUITests;
				PRODUCT_NAME = "$(TARGET_NAME)";
				SWIFT_EMIT_LOC_STRINGS = NO;
				SWIFT_VERSION = 5.0;
				TARGETED_DEVICE_FAMILY = "1,2";
				TEST_TARGET_NAME = TwitterSwiftUIYoutube;
			};
			name = Debug;
		};
		FDD4BE122974C44A0026E18F /* Release */ = {
			isa = XCBuildConfiguration;
			buildSettings = {
				ALWAYS_EMBED_SWIFT_STANDARD_LIBRARIES = YES;
				CODE_SIGN_STYLE = Automatic;
				CURRENT_PROJECT_VERSION = 1;
				DEVELOPMENT_TEAM = 3QF9F89UA9;
				GENERATE_INFOPLIST_FILE = YES;
				MARKETING_VERSION = 1.0;
				PRODUCT_BUNDLE_IDENTIFIER = com.fred.TwitterSwiftUIYoutubeUITests;
				PRODUCT_NAME = "$(TARGET_NAME)";
				SWIFT_EMIT_LOC_STRINGS = NO;
				SWIFT_VERSION = 5.0;
				TARGETED_DEVICE_FAMILY = "1,2";
				TEST_TARGET_NAME = TwitterSwiftUIYoutube;
			};
			name = Release;
		};
/* End XCBuildConfiguration section */

/* Begin XCConfigurationList section */
		FDD4BDE12974C4480026E18F /* Build configuration list for PBXProject "TwitterSwiftUIYoutube" */ = {
			isa = XCConfigurationList;
			buildConfigurations = (
				FDD4BE082974C44A0026E18F /* Debug */,
				FDD4BE092974C44A0026E18F /* Release */,
			);
			defaultConfigurationIsVisible = 0;
			defaultConfigurationName = Release;
		};
		FDD4BE0A2974C44A0026E18F /* Build configuration list for PBXNativeTarget "TwitterSwiftUIYoutube" */ = {
			isa = XCConfigurationList;
			buildConfigurations = (
				FDD4BE0B2974C44A0026E18F /* Debug */,
				FDD4BE0C2974C44A0026E18F /* Release */,
			);
			defaultConfigurationIsVisible = 0;
			defaultConfigurationName = Release;
		};
		FDD4BE0D2974C44A0026E18F /* Build configuration list for PBXNativeTarget "TwitterSwiftUIYoutubeTests" */ = {
			isa = XCConfigurationList;
			buildConfigurations = (
				FDD4BE0E2974C44A0026E18F /* Debug */,
				FDD4BE0F2974C44A0026E18F /* Release */,
			);
			defaultConfigurationIsVisible = 0;
			defaultConfigurationName = Release;
		};
		FDD4BE102974C44A0026E18F /* Build configuration list for PBXNativeTarget "TwitterSwiftUIYoutubeUITests" */ = {
			isa = XCConfigurationList;
			buildConfigurations = (
				FDD4BE112974C44A0026E18F /* Debug */,
				FDD4BE122974C44A0026E18F /* Release */,
			);
			defaultConfigurationIsVisible = 0;
			defaultConfigurationName = Release;
		};
/* End XCConfigurationList section */
	};
	rootObject = FDD4BDDE2974C4480026E18F /* Project object */;
}
